// !$*UTF8*$!
{
	archiveVersion = 1;
	classes = {
	};
	objectVersion = 56;
	objects = {

/* Begin PBXBuildFile section */
		59277C7B2B893BE5005AAFD6 /* Easing.swift in Sources */ = {isa = PBXBuildFile; fileRef = 59277C7A2B893BE5005AAFD6 /* Easing.swift */; };
		59277C822B89A981005AAFD6 /* SpriteContainer.swift in Sources */ = {isa = PBXBuildFile; fileRef = 59277C812B89A981005AAFD6 /* SpriteContainer.swift */; };
		59277C842B8A3B40005AAFD6 /* EffectsContainer.swift in Sources */ = {isa = PBXBuildFile; fileRef = 59277C832B8A3B40005AAFD6 /* EffectsContainer.swift */; };
		59277C862B8A45E3005AAFD6 /* Filters.swift in Sources */ = {isa = PBXBuildFile; fileRef = 59277C852B8A45E3005AAFD6 /* Filters.swift */; };
		59277C8B2B8ADF99005AAFD6 /* Helpers.swift in Sources */ = {isa = PBXBuildFile; fileRef = 59277C8A2B8ADF99005AAFD6 /* Helpers.swift */; };
		59277C922B8BF332005AAFD6 /* WaveformView.swift in Sources */ = {isa = PBXBuildFile; fileRef = 59277C912B8BF332005AAFD6 /* WaveformView.swift */; };
		593E3FF32B8EBFD00058B69F /* Loop.swift in Sources */ = {isa = PBXBuildFile; fileRef = 593E3FF22B8EBFD00058B69F /* Loop.swift */; };
		5982576B2BB5E5F600E21B45 /* ProjectCreatorView.swift in Sources */ = {isa = PBXBuildFile; fileRef = 5982576A2BB5E5F600E21B45 /* ProjectCreatorView.swift */; };
		598257702BB5F57000E21B45 /* ProjectManagementView.swift in Sources */ = {isa = PBXBuildFile; fileRef = 5982576F2BB5F57000E21B45 /* ProjectManagementView.swift */; };
		5984465E2B7FB57200613DA8 /* storyboard_editor_frontApp.swift in Sources */ = {isa = PBXBuildFile; fileRef = 5984465D2B7FB57200613DA8 /* storyboard_editor_frontApp.swift */; };
		598446602B7FB57200613DA8 /* ContentView.swift in Sources */ = {isa = PBXBuildFile; fileRef = 5984465F2B7FB57200613DA8 /* ContentView.swift */; };
		598446622B7FB57400613DA8 /* Assets.xcassets in Resources */ = {isa = PBXBuildFile; fileRef = 598446612B7FB57400613DA8 /* Assets.xcassets */; };
		598446652B7FB57400613DA8 /* Preview Assets.xcassets in Resources */ = {isa = PBXBuildFile; fileRef = 598446642B7FB57400613DA8 /* Preview Assets.xcassets */; };
		5984466D2B7FB5D300613DA8 /* GameScene.swift in Sources */ = {isa = PBXBuildFile; fileRef = 5984466C2B7FB5D300613DA8 /* GameScene.swift */; };
		598446732B7FBB6E00613DA8 /* VisualEffectView.swift in Sources */ = {isa = PBXBuildFile; fileRef = 598446722B7FBB6E00613DA8 /* VisualEffectView.swift */; };
		598446762B7FC6BA00613DA8 /* SwiftImageReadWrite in Frameworks */ = {isa = PBXBuildFile; productRef = 598446752B7FC6BA00613DA8 /* SwiftImageReadWrite */; };
		5984467B2B7FD20B00613DA8 /* Sprite.swift in Sources */ = {isa = PBXBuildFile; fileRef = 5984467A2B7FD20B00613DA8 /* Sprite.swift */; };
		5984467F2B7FD81400613DA8 /* Storyboard.swift in Sources */ = {isa = PBXBuildFile; fileRef = 5984467E2B7FD81400613DA8 /* Storyboard.swift */; };
		598446812B7FD84300613DA8 /* BaseAnimation.swift in Sources */ = {isa = PBXBuildFile; fileRef = 598446802B7FD84300613DA8 /* BaseAnimation.swift */; };
		598446842B80587100613DA8 /* Player.swift in Sources */ = {isa = PBXBuildFile; fileRef = 598446832B80587100613DA8 /* Player.swift */; };
		598446862B8060D600613DA8 /* ContentViewModel.swift in Sources */ = {isa = PBXBuildFile; fileRef = 598446852B8060D500613DA8 /* ContentViewModel.swift */; };
		598446882B8061EE00613DA8 /* StoryboardScene.swift in Sources */ = {isa = PBXBuildFile; fileRef = 598446872B8061EE00613DA8 /* StoryboardScene.swift */; };
		5984468C2B808A0800613DA8 /* Command.swift in Sources */ = {isa = PBXBuildFile; fileRef = 5984468B2B808A0800613DA8 /* Command.swift */; };
		598446932B8098C900613DA8 /* OsbReader.swift in Sources */ = {isa = PBXBuildFile; fileRef = 598446922B8098C900613DA8 /* OsbReader.swift */; };
		598446952B8167BE00613DA8 /* VectorCommand.swift in Sources */ = {isa = PBXBuildFile; fileRef = 598446942B8167BE00613DA8 /* VectorCommand.swift */; };
		5984469A2B8169D200613DA8 /* Interpolation.swift in Sources */ = {isa = PBXBuildFile; fileRef = 598446992B8169D200613DA8 /* Interpolation.swift */; };
		599EBFE82B826C2A007F7D10 /* SpriteOrigin.swift in Sources */ = {isa = PBXBuildFile; fileRef = 599EBFE72B826C2A007F7D10 /* SpriteOrigin.swift */; };
		59A72B272BB3097200A5F329 /* ThirdDVectorCommand.swift in Sources */ = {isa = PBXBuildFile; fileRef = 59A72B262BB3097200A5F329 /* ThirdDVectorCommand.swift */; };
		59AA30DD2BB4FE1D00508DF5 /* Project.swift in Sources */ = {isa = PBXBuildFile; fileRef = 59AA30DC2BB4FE1D00508DF5 /* Project.swift */; };
		59AA30DF2BB4FECA00508DF5 /* ProjectHandler.swift in Sources */ = {isa = PBXBuildFile; fileRef = 59AA30DE2BB4FEC900508DF5 /* ProjectHandler.swift */; };
		59AA30E12BB514C900508DF5 /* ProjectsReader.swift in Sources */ = {isa = PBXBuildFile; fileRef = 59AA30E02BB514C900508DF5 /* ProjectsReader.swift */; };
		59D535612B964FCC00368EED /* CodeEditorView.swift in Sources */ = {isa = PBXBuildFile; fileRef = 59D535602B964FCC00368EED /* CodeEditorView.swift */; };
		59D535632B9650B600368EED /* CodeFileReader.swift in Sources */ = {isa = PBXBuildFile; fileRef = 59D535622B9650B600368EED /* CodeFileReader.swift */; };
		59D535662B98E58B00368EED /* CodeEditor in Frameworks */ = {isa = PBXBuildFile; productRef = 59D535652B98E58B00368EED /* CodeEditor */; };
		59D535682B993F5100368EED /* CodeFileWriter.swift in Sources */ = {isa = PBXBuildFile; fileRef = 59D535672B993F5100368EED /* CodeFileWriter.swift */; };
		59D5356B2B9942C700368EED /* DirectoryWatcher in Frameworks */ = {isa = PBXBuildFile; productRef = 59D5356A2B9942C700368EED /* DirectoryWatcher */; };
		59D5356E2B9E2FED00368EED /* SFSMonitor in Frameworks */ = {isa = PBXBuildFile; productRef = 59D5356D2B9E2FED00368EED /* SFSMonitor */; };
/* End PBXBuildFile section */

/* Begin PBXFileReference section */
		59277C7A2B893BE5005AAFD6 /* Easing.swift */ = {isa = PBXFileReference; lastKnownFileType = sourcecode.swift; path = Easing.swift; sourceTree = "<group>"; };
		59277C812B89A981005AAFD6 /* SpriteContainer.swift */ = {isa = PBXFileReference; lastKnownFileType = sourcecode.swift; path = SpriteContainer.swift; sourceTree = "<group>"; };
		59277C832B8A3B40005AAFD6 /* EffectsContainer.swift */ = {isa = PBXFileReference; lastKnownFileType = sourcecode.swift; path = EffectsContainer.swift; sourceTree = "<group>"; };
		59277C852B8A45E3005AAFD6 /* Filters.swift */ = {isa = PBXFileReference; lastKnownFileType = sourcecode.swift; path = Filters.swift; sourceTree = "<group>"; };
		59277C8A2B8ADF99005AAFD6 /* Helpers.swift */ = {isa = PBXFileReference; lastKnownFileType = sourcecode.swift; path = Helpers.swift; sourceTree = "<group>"; };
		59277C912B8BF332005AAFD6 /* WaveformView.swift */ = {isa = PBXFileReference; lastKnownFileType = sourcecode.swift; path = WaveformView.swift; sourceTree = "<group>"; };
		593E3FF22B8EBFD00058B69F /* Loop.swift */ = {isa = PBXFileReference; lastKnownFileType = sourcecode.swift; path = Loop.swift; sourceTree = "<group>"; };
		5982576A2BB5E5F600E21B45 /* ProjectCreatorView.swift */ = {isa = PBXFileReference; lastKnownFileType = sourcecode.swift; path = ProjectCreatorView.swift; sourceTree = "<group>"; };
		5982576F2BB5F57000E21B45 /* ProjectManagementView.swift */ = {isa = PBXFileReference; lastKnownFileType = sourcecode.swift; path = ProjectManagementView.swift; sourceTree = "<group>"; };
		5984465A2B7FB57200613DA8 /* storyboard-editor-front.app */ = {isa = PBXFileReference; explicitFileType = wrapper.application; includeInIndex = 0; path = "storyboard-editor-front.app"; sourceTree = BUILT_PRODUCTS_DIR; };
		5984465D2B7FB57200613DA8 /* storyboard_editor_frontApp.swift */ = {isa = PBXFileReference; lastKnownFileType = sourcecode.swift; path = storyboard_editor_frontApp.swift; sourceTree = "<group>"; };
		5984465F2B7FB57200613DA8 /* ContentView.swift */ = {isa = PBXFileReference; lastKnownFileType = sourcecode.swift; path = ContentView.swift; sourceTree = "<group>"; };
		598446612B7FB57400613DA8 /* Assets.xcassets */ = {isa = PBXFileReference; lastKnownFileType = folder.assetcatalog; path = Assets.xcassets; sourceTree = "<group>"; };
		598446642B7FB57400613DA8 /* Preview Assets.xcassets */ = {isa = PBXFileReference; lastKnownFileType = folder.assetcatalog; path = "Preview Assets.xcassets"; sourceTree = "<group>"; };
		598446662B7FB57400613DA8 /* storyboard_editor_front.entitlements */ = {isa = PBXFileReference; lastKnownFileType = text.plist.entitlements; path = storyboard_editor_front.entitlements; sourceTree = "<group>"; };
		5984466C2B7FB5D300613DA8 /* GameScene.swift */ = {isa = PBXFileReference; lastKnownFileType = sourcecode.swift; path = GameScene.swift; sourceTree = "<group>"; };
		598446722B7FBB6E00613DA8 /* VisualEffectView.swift */ = {isa = PBXFileReference; lastKnownFileType = sourcecode.swift; path = VisualEffectView.swift; sourceTree = "<group>"; };
		5984467A2B7FD20B00613DA8 /* Sprite.swift */ = {isa = PBXFileReference; lastKnownFileType = sourcecode.swift; path = Sprite.swift; sourceTree = "<group>"; };
		5984467E2B7FD81400613DA8 /* Storyboard.swift */ = {isa = PBXFileReference; lastKnownFileType = sourcecode.swift; path = Storyboard.swift; sourceTree = "<group>"; };
		598446802B7FD84300613DA8 /* BaseAnimation.swift */ = {isa = PBXFileReference; lastKnownFileType = sourcecode.swift; path = BaseAnimation.swift; sourceTree = "<group>"; };
		598446832B80587100613DA8 /* Player.swift */ = {isa = PBXFileReference; lastKnownFileType = sourcecode.swift; path = Player.swift; sourceTree = "<group>"; };
		598446852B8060D500613DA8 /* ContentViewModel.swift */ = {isa = PBXFileReference; lastKnownFileType = sourcecode.swift; path = ContentViewModel.swift; sourceTree = "<group>"; };
		598446872B8061EE00613DA8 /* StoryboardScene.swift */ = {isa = PBXFileReference; lastKnownFileType = sourcecode.swift; path = StoryboardScene.swift; sourceTree = "<group>"; };
		5984468B2B808A0800613DA8 /* Command.swift */ = {isa = PBXFileReference; lastKnownFileType = sourcecode.swift; path = Command.swift; sourceTree = "<group>"; };
		598446922B8098C900613DA8 /* OsbReader.swift */ = {isa = PBXFileReference; lastKnownFileType = sourcecode.swift; path = OsbReader.swift; sourceTree = "<group>"; };
		598446942B8167BE00613DA8 /* VectorCommand.swift */ = {isa = PBXFileReference; lastKnownFileType = sourcecode.swift; path = VectorCommand.swift; sourceTree = "<group>"; };
		598446992B8169D200613DA8 /* Interpolation.swift */ = {isa = PBXFileReference; lastKnownFileType = sourcecode.swift; path = Interpolation.swift; sourceTree = "<group>"; };
		599EBFE72B826C2A007F7D10 /* SpriteOrigin.swift */ = {isa = PBXFileReference; lastKnownFileType = sourcecode.swift; path = SpriteOrigin.swift; sourceTree = "<group>"; };
		59A72B262BB3097200A5F329 /* ThirdDVectorCommand.swift */ = {isa = PBXFileReference; lastKnownFileType = sourcecode.swift; path = ThirdDVectorCommand.swift; sourceTree = "<group>"; };
		59AA30DC2BB4FE1D00508DF5 /* Project.swift */ = {isa = PBXFileReference; lastKnownFileType = sourcecode.swift; path = Project.swift; sourceTree = "<group>"; };
		59AA30DE2BB4FEC900508DF5 /* ProjectHandler.swift */ = {isa = PBXFileReference; lastKnownFileType = sourcecode.swift; path = ProjectHandler.swift; sourceTree = "<group>"; };
		59AA30E02BB514C900508DF5 /* ProjectsReader.swift */ = {isa = PBXFileReference; lastKnownFileType = sourcecode.swift; path = ProjectsReader.swift; sourceTree = "<group>"; };
		59D535602B964FCC00368EED /* CodeEditorView.swift */ = {isa = PBXFileReference; lastKnownFileType = sourcecode.swift; path = CodeEditorView.swift; sourceTree = "<group>"; };
		59D535622B9650B600368EED /* CodeFileReader.swift */ = {isa = PBXFileReference; lastKnownFileType = sourcecode.swift; path = CodeFileReader.swift; sourceTree = "<group>"; };
		59D535672B993F5100368EED /* CodeFileWriter.swift */ = {isa = PBXFileReference; lastKnownFileType = sourcecode.swift; path = CodeFileWriter.swift; sourceTree = "<group>"; };
/* End PBXFileReference section */

/* Begin PBXFrameworksBuildPhase section */
		598446572B7FB57200613DA8 /* Frameworks */ = {
			isa = PBXFrameworksBuildPhase;
			buildActionMask = 2147483647;
			files = (
				598446762B7FC6BA00613DA8 /* SwiftImageReadWrite in Frameworks */,
				59D5356B2B9942C700368EED /* DirectoryWatcher in Frameworks */,
				59D5356E2B9E2FED00368EED /* SFSMonitor in Frameworks */,
				59D535662B98E58B00368EED /* CodeEditor in Frameworks */,
			);
			runOnlyForDeploymentPostprocessing = 0;
		};
/* End PBXFrameworksBuildPhase section */

/* Begin PBXGroup section */
		59277C802B89A94C005AAFD6 /* UI */ = {
			isa = PBXGroup;
			children = (
				5982576C2BB5F50C00E21B45 /* Project */,
				59277C812B89A981005AAFD6 /* SpriteContainer.swift */,
				59277C832B8A3B40005AAFD6 /* EffectsContainer.swift */,
				59277C852B8A45E3005AAFD6 /* Filters.swift */,
				59D535602B964FCC00368EED /* CodeEditorView.swift */,
			);
			path = UI;
			sourceTree = "<group>";
		};
		5982576C2BB5F50C00E21B45 /* Project */ = {
			isa = PBXGroup;
			children = (
				5982576A2BB5E5F600E21B45 /* ProjectCreatorView.swift */,
				5982576F2BB5F57000E21B45 /* ProjectManagementView.swift */,
			);
			path = Project;
			sourceTree = "<group>";
		};
		598446512B7FB57200613DA8 = {
			isa = PBXGroup;
			children = (
				5984465C2B7FB57200613DA8 /* storyboard-editor-front */,
				5984465B2B7FB57200613DA8 /* Products */,
			);
			sourceTree = "<group>";
		};
		5984465B2B7FB57200613DA8 /* Products */ = {
			isa = PBXGroup;
			children = (
				5984465A2B7FB57200613DA8 /* storyboard-editor-front.app */,
			);
			name = Products;
			sourceTree = "<group>";
		};
		5984465C2B7FB57200613DA8 /* storyboard-editor-front */ = {
			isa = PBXGroup;
			children = (
				59AA30DB2BB4FE0F00508DF5 /* Projects */,
				59277C802B89A94C005AAFD6 /* UI */,
				598446962B8168D000613DA8 /* Extensions */,
				5984468F2B80988E00613DA8 /* Scripts */,
				598446822B80586500613DA8 /* Music */,
				598446782B7FD1F600613DA8 /* Animation */,
				5984465D2B7FB57200613DA8 /* storyboard_editor_frontApp.swift */,
				5984465F2B7FB57200613DA8 /* ContentView.swift */,
				5984466C2B7FB5D300613DA8 /* GameScene.swift */,
				598446612B7FB57400613DA8 /* Assets.xcassets */,
				598446662B7FB57400613DA8 /* storyboard_editor_front.entitlements */,
				598446632B7FB57400613DA8 /* Preview Content */,
				598446722B7FBB6E00613DA8 /* VisualEffectView.swift */,
				598446852B8060D500613DA8 /* ContentViewModel.swift */,
				598446872B8061EE00613DA8 /* StoryboardScene.swift */,
			);
			path = "storyboard-editor-front";
			sourceTree = "<group>";
		};
		598446632B7FB57400613DA8 /* Preview Content */ = {
			isa = PBXGroup;
			children = (
				598446642B7FB57400613DA8 /* Preview Assets.xcassets */,
			);
			path = "Preview Content";
			sourceTree = "<group>";
		};
		598446782B7FD1F600613DA8 /* Animation */ = {
			isa = PBXGroup;
			children = (
				598446792B7FD1FD00613DA8 /* Commands */,
				5984467A2B7FD20B00613DA8 /* Sprite.swift */,
				5984467E2B7FD81400613DA8 /* Storyboard.swift */,
				598446802B7FD84300613DA8 /* BaseAnimation.swift */,
				599EBFE72B826C2A007F7D10 /* SpriteOrigin.swift */,
				59277C7A2B893BE5005AAFD6 /* Easing.swift */,
				59277C8A2B8ADF99005AAFD6 /* Helpers.swift */,
			);
			path = Animation;
			sourceTree = "<group>";
		};
		598446792B7FD1FD00613DA8 /* Commands */ = {
			isa = PBXGroup;
			children = (
				5984468B2B808A0800613DA8 /* Command.swift */,
				598446942B8167BE00613DA8 /* VectorCommand.swift */,
				598446992B8169D200613DA8 /* Interpolation.swift */,
				593E3FF22B8EBFD00058B69F /* Loop.swift */,
				59A72B262BB3097200A5F329 /* ThirdDVectorCommand.swift */,
			);
			path = Commands;
			sourceTree = "<group>";
		};
		598446822B80586500613DA8 /* Music */ = {
			isa = PBXGroup;
			children = (
				598446832B80587100613DA8 /* Player.swift */,
				59277C912B8BF332005AAFD6 /* WaveformView.swift */,
			);
			path = Music;
			sourceTree = "<group>";
		};
		5984468F2B80988E00613DA8 /* Scripts */ = {
			isa = PBXGroup;
			children = (
				598446922B8098C900613DA8 /* OsbReader.swift */,
				59D535622B9650B600368EED /* CodeFileReader.swift */,
				59D535672B993F5100368EED /* CodeFileWriter.swift */,
			);
			path = Scripts;
			sourceTree = "<group>";
		};
		598446962B8168D000613DA8 /* Extensions */ = {
			isa = PBXGroup;
			children = (
			);
			path = Extensions;
			sourceTree = "<group>";
		};
		59AA30DB2BB4FE0F00508DF5 /* Projects */ = {
			isa = PBXGroup;
			children = (
				59AA30DC2BB4FE1D00508DF5 /* Project.swift */,
				59AA30DE2BB4FEC900508DF5 /* ProjectHandler.swift */,
				59AA30E02BB514C900508DF5 /* ProjectsReader.swift */,
			);
			path = Projects;
			sourceTree = "<group>";
		};
/* End PBXGroup section */

/* Begin PBXNativeTarget section */
		598446592B7FB57200613DA8 /* storyboard-editor-front */ = {
			isa = PBXNativeTarget;
			buildConfigurationList = 598446692B7FB57400613DA8 /* Build configuration list for PBXNativeTarget "storyboard-editor-front" */;
			buildPhases = (
				598446562B7FB57200613DA8 /* Sources */,
				598446572B7FB57200613DA8 /* Frameworks */,
				598446582B7FB57200613DA8 /* Resources */,
			);
			buildRules = (
			);
			dependencies = (
			);
			name = "storyboard-editor-front";
			packageProductDependencies = (
				598446752B7FC6BA00613DA8 /* SwiftImageReadWrite */,
				59D535652B98E58B00368EED /* CodeEditor */,
				59D5356A2B9942C700368EED /* DirectoryWatcher */,
				59D5356D2B9E2FED00368EED /* SFSMonitor */,
			);
			productName = "storyboard-editor-front";
			productReference = 5984465A2B7FB57200613DA8 /* storyboard-editor-front.app */;
			productType = "com.apple.product-type.application";
		};
/* End PBXNativeTarget section */

/* Begin PBXProject section */
		598446522B7FB57200613DA8 /* Project object */ = {
			isa = PBXProject;
			attributes = {
				BuildIndependentTargetsInParallel = 1;
				LastSwiftUpdateCheck = 1520;
				LastUpgradeCheck = 1520;
				TargetAttributes = {
					598446592B7FB57200613DA8 = {
						CreatedOnToolsVersion = 15.2;
					};
				};
			};
			buildConfigurationList = 598446552B7FB57200613DA8 /* Build configuration list for PBXProject "storyboard-editor-front" */;
			compatibilityVersion = "Xcode 14.0";
			developmentRegion = en;
			hasScannedForEncodings = 0;
			knownRegions = (
				en,
				Base,
			);
			mainGroup = 598446512B7FB57200613DA8;
			packageReferences = (
				598446742B7FC6B900613DA8 /* XCRemoteSwiftPackageReference "SwiftImageReadWrite" */,
				59D535642B98E58A00368EED /* XCRemoteSwiftPackageReference "CodeEditor" */,
				59D535692B9942C700368EED /* XCRemoteSwiftPackageReference "DirectoryWatcher" */,
				59D5356C2B9E2FEC00368EED /* XCRemoteSwiftPackageReference "SFSMonitor" */,
			);
			productRefGroup = 5984465B2B7FB57200613DA8 /* Products */;
			projectDirPath = "";
			projectRoot = "";
			targets = (
				598446592B7FB57200613DA8 /* storyboard-editor-front */,
			);
		};
/* End PBXProject section */

/* Begin PBXResourcesBuildPhase section */
		598446582B7FB57200613DA8 /* Resources */ = {
			isa = PBXResourcesBuildPhase;
			buildActionMask = 2147483647;
			files = (
				598446652B7FB57400613DA8 /* Preview Assets.xcassets in Resources */,
				598446622B7FB57400613DA8 /* Assets.xcassets in Resources */,
			);
			runOnlyForDeploymentPostprocessing = 0;
		};
/* End PBXResourcesBuildPhase section */

/* Begin PBXSourcesBuildPhase section */
		598446562B7FB57200613DA8 /* Sources */ = {
			isa = PBXSourcesBuildPhase;
			buildActionMask = 2147483647;
			files = (
				598446812B7FD84300613DA8 /* BaseAnimation.swift in Sources */,
				598446932B8098C900613DA8 /* OsbReader.swift in Sources */,
				59277C922B8BF332005AAFD6 /* WaveformView.swift in Sources */,
				5984467B2B7FD20B00613DA8 /* Sprite.swift in Sources */,
				59D535612B964FCC00368EED /* CodeEditorView.swift in Sources */,
				59277C8B2B8ADF99005AAFD6 /* Helpers.swift in Sources */,
				598446952B8167BE00613DA8 /* VectorCommand.swift in Sources */,
				599EBFE82B826C2A007F7D10 /* SpriteOrigin.swift in Sources */,
				5984466D2B7FB5D300613DA8 /* GameScene.swift in Sources */,
				598446732B7FBB6E00613DA8 /* VisualEffectView.swift in Sources */,
				5984469A2B8169D200613DA8 /* Interpolation.swift in Sources */,
				598446842B80587100613DA8 /* Player.swift in Sources */,
				59277C862B8A45E3005AAFD6 /* Filters.swift in Sources */,
				598257702BB5F57000E21B45 /* ProjectManagementView.swift in Sources */,
				598446862B8060D600613DA8 /* ContentViewModel.swift in Sources */,
				59AA30E12BB514C900508DF5 /* ProjectsReader.swift in Sources */,
				598446602B7FB57200613DA8 /* ContentView.swift in Sources */,
				598446882B8061EE00613DA8 /* StoryboardScene.swift in Sources */,
				5984467F2B7FD81400613DA8 /* Storyboard.swift in Sources */,
				59A72B272BB3097200A5F329 /* ThirdDVectorCommand.swift in Sources */,
				5982576B2BB5E5F600E21B45 /* ProjectCreatorView.swift in Sources */,
				5984465E2B7FB57200613DA8 /* storyboard_editor_frontApp.swift in Sources */,
				59277C842B8A3B40005AAFD6 /* EffectsContainer.swift in Sources */,
				59AA30DF2BB4FECA00508DF5 /* ProjectHandler.swift in Sources */,
				59277C822B89A981005AAFD6 /* SpriteContainer.swift in Sources */,
				59D535682B993F5100368EED /* CodeFileWriter.swift in Sources */,
				59277C7B2B893BE5005AAFD6 /* Easing.swift in Sources */,
				59D535632B9650B600368EED /* CodeFileReader.swift in Sources */,
				5984468C2B808A0800613DA8 /* Command.swift in Sources */,
				593E3FF32B8EBFD00058B69F /* Loop.swift in Sources */,
				59AA30DD2BB4FE1D00508DF5 /* Project.swift in Sources */,
			);
			runOnlyForDeploymentPostprocessing = 0;
		};
/* End PBXSourcesBuildPhase section */

/* Begin XCBuildConfiguration section */
		598446672B7FB57400613DA8 /* Debug */ = {
			isa = XCBuildConfiguration;
			buildSettings = {
				ALWAYS_SEARCH_USER_PATHS = NO;
				ASSETCATALOG_COMPILER_GENERATE_SWIFT_ASSET_SYMBOL_EXTENSIONS = YES;
				CLANG_ANALYZER_NONNULL = YES;
				CLANG_ANALYZER_NUMBER_OBJECT_CONVERSION = YES_AGGRESSIVE;
				CLANG_CXX_LANGUAGE_STANDARD = "gnu++20";
				CLANG_ENABLE_MODULES = YES;
				CLANG_ENABLE_OBJC_ARC = YES;
				CLANG_ENABLE_OBJC_WEAK = YES;
				CLANG_WARN_BLOCK_CAPTURE_AUTORELEASING = YES;
				CLANG_WARN_BOOL_CONVERSION = YES;
				CLANG_WARN_COMMA = YES;
				CLANG_WARN_CONSTANT_CONVERSION = YES;
				CLANG_WARN_DEPRECATED_OBJC_IMPLEMENTATIONS = YES;
				CLANG_WARN_DIRECT_OBJC_ISA_USAGE = YES_ERROR;
				CLANG_WARN_DOCUMENTATION_COMMENTS = YES;
				CLANG_WARN_EMPTY_BODY = YES;
				CLANG_WARN_ENUM_CONVERSION = YES;
				CLANG_WARN_INFINITE_RECURSION = YES;
				CLANG_WARN_INT_CONVERSION = YES;
				CLANG_WARN_NON_LITERAL_NULL_CONVERSION = YES;
				CLANG_WARN_OBJC_IMPLICIT_RETAIN_SELF = YES;
				CLANG_WARN_OBJC_LITERAL_CONVERSION = YES;
				CLANG_WARN_OBJC_ROOT_CLASS = YES_ERROR;
				CLANG_WARN_QUOTED_INCLUDE_IN_FRAMEWORK_HEADER = YES;
				CLANG_WARN_RANGE_LOOP_ANALYSIS = YES;
				CLANG_WARN_STRICT_PROTOTYPES = YES;
				CLANG_WARN_SUSPICIOUS_MOVE = YES;
				CLANG_WARN_UNGUARDED_AVAILABILITY = YES_AGGRESSIVE;
				CLANG_WARN_UNREACHABLE_CODE = YES;
				CLANG_WARN__DUPLICATE_METHOD_MATCH = YES;
				COPY_PHASE_STRIP = NO;
				DEBUG_INFORMATION_FORMAT = dwarf;
				ENABLE_STRICT_OBJC_MSGSEND = YES;
				ENABLE_TESTABILITY = YES;
				ENABLE_USER_SCRIPT_SANDBOXING = YES;
				GCC_C_LANGUAGE_STANDARD = gnu17;
				GCC_DYNAMIC_NO_PIC = NO;
				GCC_NO_COMMON_BLOCKS = YES;
				GCC_OPTIMIZATION_LEVEL = 0;
				GCC_PREPROCESSOR_DEFINITIONS = (
					"DEBUG=1",
					"$(inherited)",
				);
				GCC_WARN_64_TO_32_BIT_CONVERSION = YES;
				GCC_WARN_ABOUT_RETURN_TYPE = YES_ERROR;
				GCC_WARN_UNDECLARED_SELECTOR = YES;
				GCC_WARN_UNINITIALIZED_AUTOS = YES_AGGRESSIVE;
				GCC_WARN_UNUSED_FUNCTION = YES;
				GCC_WARN_UNUSED_VARIABLE = YES;
				LOCALIZATION_PREFERS_STRING_CATALOGS = YES;
				MACOSX_DEPLOYMENT_TARGET = 14.2;
				MTL_ENABLE_DEBUG_INFO = INCLUDE_SOURCE;
				MTL_FAST_MATH = YES;
				ONLY_ACTIVE_ARCH = YES;
				SDKROOT = macosx;
				SWIFT_ACTIVE_COMPILATION_CONDITIONS = "DEBUG $(inherited)";
				SWIFT_OPTIMIZATION_LEVEL = "-Onone";
			};
			name = Debug;
		};
		598446682B7FB57400613DA8 /* Release */ = {
			isa = XCBuildConfiguration;
			buildSettings = {
				ALWAYS_SEARCH_USER_PATHS = NO;
				ASSETCATALOG_COMPILER_GENERATE_SWIFT_ASSET_SYMBOL_EXTENSIONS = YES;
				CLANG_ANALYZER_NONNULL = YES;
				CLANG_ANALYZER_NUMBER_OBJECT_CONVERSION = YES_AGGRESSIVE;
				CLANG_CXX_LANGUAGE_STANDARD = "gnu++20";
				CLANG_ENABLE_MODULES = YES;
				CLANG_ENABLE_OBJC_ARC = YES;
				CLANG_ENABLE_OBJC_WEAK = YES;
				CLANG_WARN_BLOCK_CAPTURE_AUTORELEASING = YES;
				CLANG_WARN_BOOL_CONVERSION = YES;
				CLANG_WARN_COMMA = YES;
				CLANG_WARN_CONSTANT_CONVERSION = YES;
				CLANG_WARN_DEPRECATED_OBJC_IMPLEMENTATIONS = YES;
				CLANG_WARN_DIRECT_OBJC_ISA_USAGE = YES_ERROR;
				CLANG_WARN_DOCUMENTATION_COMMENTS = YES;
				CLANG_WARN_EMPTY_BODY = YES;
				CLANG_WARN_ENUM_CONVERSION = YES;
				CLANG_WARN_INFINITE_RECURSION = YES;
				CLANG_WARN_INT_CONVERSION = YES;
				CLANG_WARN_NON_LITERAL_NULL_CONVERSION = YES;
				CLANG_WARN_OBJC_IMPLICIT_RETAIN_SELF = YES;
				CLANG_WARN_OBJC_LITERAL_CONVERSION = YES;
				CLANG_WARN_OBJC_ROOT_CLASS = YES_ERROR;
				CLANG_WARN_QUOTED_INCLUDE_IN_FRAMEWORK_HEADER = YES;
				CLANG_WARN_RANGE_LOOP_ANALYSIS = YES;
				CLANG_WARN_STRICT_PROTOTYPES = YES;
				CLANG_WARN_SUSPICIOUS_MOVE = YES;
				CLANG_WARN_UNGUARDED_AVAILABILITY = YES_AGGRESSIVE;
				CLANG_WARN_UNREACHABLE_CODE = YES;
				CLANG_WARN__DUPLICATE_METHOD_MATCH = YES;
				COPY_PHASE_STRIP = NO;
				DEBUG_INFORMATION_FORMAT = "dwarf-with-dsym";
				ENABLE_NS_ASSERTIONS = NO;
				ENABLE_STRICT_OBJC_MSGSEND = YES;
				ENABLE_USER_SCRIPT_SANDBOXING = YES;
				GCC_C_LANGUAGE_STANDARD = gnu17;
				GCC_NO_COMMON_BLOCKS = YES;
				GCC_WARN_64_TO_32_BIT_CONVERSION = YES;
				GCC_WARN_ABOUT_RETURN_TYPE = YES_ERROR;
				GCC_WARN_UNDECLARED_SELECTOR = YES;
				GCC_WARN_UNINITIALIZED_AUTOS = YES_AGGRESSIVE;
				GCC_WARN_UNUSED_FUNCTION = YES;
				GCC_WARN_UNUSED_VARIABLE = YES;
				LOCALIZATION_PREFERS_STRING_CATALOGS = YES;
				MACOSX_DEPLOYMENT_TARGET = 14.2;
				MTL_ENABLE_DEBUG_INFO = NO;
				MTL_FAST_MATH = YES;
				SDKROOT = macosx;
				SWIFT_COMPILATION_MODE = wholemodule;
			};
			name = Release;
		};
		5984466A2B7FB57400613DA8 /* Debug */ = {
			isa = XCBuildConfiguration;
			buildSettings = {
				ASSETCATALOG_COMPILER_APPICON_NAME = AppIcon;
				ASSETCATALOG_COMPILER_GLOBAL_ACCENT_COLOR_NAME = AccentColor;
				CODE_SIGN_ENTITLEMENTS = "storyboard-editor-front/storyboard_editor_front.entitlements";
				CODE_SIGN_STYLE = Automatic;
				COMBINE_HIDPI_IMAGES = YES;
				CURRENT_PROJECT_VERSION = 1;
				DEVELOPMENT_ASSET_PATHS = "\"storyboard-editor-front/Preview Content\"";
				DEVELOPMENT_TEAM = QKH3GHQ7MS;
				ENABLE_HARDENED_RUNTIME = YES;
				ENABLE_PREVIEWS = YES;
				GENERATE_INFOPLIST_FILE = YES;
				INFOPLIST_KEY_NSHumanReadableCopyright = "";
				LD_RUNPATH_SEARCH_PATHS = (
					"$(inherited)",
					"@executable_path/../Frameworks",
				);
				MARKETING_VERSION = 1.0;
				PRODUCT_BUNDLE_IDENTIFIER = "sayrin.storyboard-editor-front";
				PRODUCT_NAME = "$(TARGET_NAME)";
				SWIFT_EMIT_LOC_STRINGS = YES;
				SWIFT_VERSION = 5.0;
			};
			name = Debug;
		};
		5984466B2B7FB57400613DA8 /* Release */ = {
			isa = XCBuildConfiguration;
			buildSettings = {
				ASSETCATALOG_COMPILER_APPICON_NAME = AppIcon;
				ASSETCATALOG_COMPILER_GLOBAL_ACCENT_COLOR_NAME = AccentColor;
				CODE_SIGN_ENTITLEMENTS = "storyboard-editor-front/storyboard_editor_front.entitlements";
				CODE_SIGN_STYLE = Automatic;
				COMBINE_HIDPI_IMAGES = YES;
				CURRENT_PROJECT_VERSION = 1;
				DEVELOPMENT_ASSET_PATHS = "\"storyboard-editor-front/Preview Content\"";
				DEVELOPMENT_TEAM = QKH3GHQ7MS;
				ENABLE_HARDENED_RUNTIME = YES;
				ENABLE_PREVIEWS = YES;
				GENERATE_INFOPLIST_FILE = YES;
				INFOPLIST_KEY_NSHumanReadableCopyright = "";
				LD_RUNPATH_SEARCH_PATHS = (
					"$(inherited)",
					"@executable_path/../Frameworks",
				);
				MARKETING_VERSION = 1.0;
				PRODUCT_BUNDLE_IDENTIFIER = "sayrin.storyboard-editor-front";
				PRODUCT_NAME = "$(TARGET_NAME)";
				SWIFT_EMIT_LOC_STRINGS = YES;
				SWIFT_VERSION = 5.0;
			};
			name = Release;
		};
/* End XCBuildConfiguration section */

/* Begin XCConfigurationList section */
		598446552B7FB57200613DA8 /* Build configuration list for PBXProject "storyboard-editor-front" */ = {
			isa = XCConfigurationList;
			buildConfigurations = (
				598446672B7FB57400613DA8 /* Debug */,
				598446682B7FB57400613DA8 /* Release */,
			);
			defaultConfigurationIsVisible = 0;
			defaultConfigurationName = Release;
		};
		598446692B7FB57400613DA8 /* Build configuration list for PBXNativeTarget "storyboard-editor-front" */ = {
			isa = XCConfigurationList;
			buildConfigurations = (
				5984466A2B7FB57400613DA8 /* Debug */,
				5984466B2B7FB57400613DA8 /* Release */,
			);
			defaultConfigurationIsVisible = 0;
			defaultConfigurationName = Release;
		};
/* End XCConfigurationList section */

/* Begin XCRemoteSwiftPackageReference section */
		598446742B7FC6B900613DA8 /* XCRemoteSwiftPackageReference "SwiftImageReadWrite" */ = {
			isa = XCRemoteSwiftPackageReference;
			repositoryURL = "https://github.com/dagronf/SwiftImageReadWrite.git";
			requirement = {
				kind = upToNextMajorVersion;
				minimumVersion = 1.6.1;
			};
		};
		59D535642B98E58A00368EED /* XCRemoteSwiftPackageReference "CodeEditor" */ = {
			isa = XCRemoteSwiftPackageReference;
			repositoryURL = "https://github.com/ZeeZide/CodeEditor.git";
			requirement = {
				kind = upToNextMajorVersion;
				minimumVersion = 1.2.2;
			};
		};
		59D535692B9942C700368EED /* XCRemoteSwiftPackageReference "DirectoryWatcher" */ = {
			isa = XCRemoteSwiftPackageReference;
			repositoryURL = "https://github.com/GianniCarlo/DirectoryWatcher.git";
			requirement = {
				kind = upToNextMajorVersion;
				minimumVersion = 2.7.3;
			};
		};
		59D5356C2B9E2FEC00368EED /* XCRemoteSwiftPackageReference "SFSMonitor" */ = {
			isa = XCRemoteSwiftPackageReference;
			repositoryURL = "https://github.com/ClassicalDude/SFSMonitor.git";
			requirement = {
				branch = master;
				kind = branch;
			};
		};
/* End XCRemoteSwiftPackageReference section */

/* Begin XCSwiftPackageProductDependency section */
		598446752B7FC6BA00613DA8 /* SwiftImageReadWrite */ = {
			isa = XCSwiftPackageProductDependency;
			package = 598446742B7FC6B900613DA8 /* XCRemoteSwiftPackageReference "SwiftImageReadWrite" */;
			productName = SwiftImageReadWrite;
		};
		59D535652B98E58B00368EED /* CodeEditor */ = {
			isa = XCSwiftPackageProductDependency;
			package = 59D535642B98E58A00368EED /* XCRemoteSwiftPackageReference "CodeEditor" */;
			productName = CodeEditor;
		};
		59D5356A2B9942C700368EED /* DirectoryWatcher */ = {
			isa = XCSwiftPackageProductDependency;
			package = 59D535692B9942C700368EED /* XCRemoteSwiftPackageReference "DirectoryWatcher" */;
			productName = DirectoryWatcher;
		};
		59D5356D2B9E2FED00368EED /* SFSMonitor */ = {
			isa = XCSwiftPackageProductDependency;
			package = 59D5356C2B9E2FEC00368EED /* XCRemoteSwiftPackageReference "SFSMonitor" */;
			productName = SFSMonitor;
		};
/* End XCSwiftPackageProductDependency section */
	};
	rootObject = 598446522B7FB57200613DA8 /* Project object */;
}
