// !$*UTF8*$!
{
	archiveVersion = 1;
	classes = {
	};
	objectVersion = 56;
	objects = {

/* Begin PBXBuildFile section */
		5984465E2B7FB57200613DA8 /* storyboard_editor_frontApp.swift in Sources */ = {isa = PBXBuildFile; fileRef = 5984465D2B7FB57200613DA8 /* storyboard_editor_frontApp.swift */; };
		598446602B7FB57200613DA8 /* ContentView.swift in Sources */ = {isa = PBXBuildFile; fileRef = 5984465F2B7FB57200613DA8 /* ContentView.swift */; };
		598446622B7FB57400613DA8 /* Assets.xcassets in Resources */ = {isa = PBXBuildFile; fileRef = 598446612B7FB57400613DA8 /* Assets.xcassets */; };
		598446652B7FB57400613DA8 /* Preview Assets.xcassets in Resources */ = {isa = PBXBuildFile; fileRef = 598446642B7FB57400613DA8 /* Preview Assets.xcassets */; };
		5984466D2B7FB5D300613DA8 /* GameScene.swift in Sources */ = {isa = PBXBuildFile; fileRef = 5984466C2B7FB5D300613DA8 /* GameScene.swift */; };
		598446732B7FBB6E00613DA8 /* VisualEffectView.swift in Sources */ = {isa = PBXBuildFile; fileRef = 598446722B7FBB6E00613DA8 /* VisualEffectView.swift */; };
		598446762B7FC6BA00613DA8 /* SwiftImageReadWrite in Frameworks */ = {isa = PBXBuildFile; productRef = 598446752B7FC6BA00613DA8 /* SwiftImageReadWrite */; };
		5984467B2B7FD20B00613DA8 /* Sprite.swift in Sources */ = {isa = PBXBuildFile; fileRef = 5984467A2B7FD20B00613DA8 /* Sprite.swift */; };
		5984467F2B7FD81400613DA8 /* Storyboard.swift in Sources */ = {isa = PBXBuildFile; fileRef = 5984467E2B7FD81400613DA8 /* Storyboard.swift */; };
		598446812B7FD84300613DA8 /* BaseAnimation.swift in Sources */ = {isa = PBXBuildFile; fileRef = 598446802B7FD84300613DA8 /* BaseAnimation.swift */; };
		598446842B80587100613DA8 /* Player.swift in Sources */ = {isa = PBXBuildFile; fileRef = 598446832B80587100613DA8 /* Player.swift */; };
		598446862B8060D600613DA8 /* ContentViewModel.swift in Sources */ = {isa = PBXBuildFile; fileRef = 598446852B8060D500613DA8 /* ContentViewModel.swift */; };
		598446882B8061EE00613DA8 /* StoryboardScene.swift in Sources */ = {isa = PBXBuildFile; fileRef = 598446872B8061EE00613DA8 /* StoryboardScene.swift */; };
/* End PBXBuildFile section */

/* Begin PBXFileReference section */
		5984465A2B7FB57200613DA8 /* storyboard-editor-front.app */ = {isa = PBXFileReference; explicitFileType = wrapper.application; includeInIndex = 0; path = "storyboard-editor-front.app"; sourceTree = BUILT_PRODUCTS_DIR; };
		5984465D2B7FB57200613DA8 /* storyboard_editor_frontApp.swift */ = {isa = PBXFileReference; lastKnownFileType = sourcecode.swift; path = storyboard_editor_frontApp.swift; sourceTree = "<group>"; };
		5984465F2B7FB57200613DA8 /* ContentView.swift */ = {isa = PBXFileReference; lastKnownFileType = sourcecode.swift; path = ContentView.swift; sourceTree = "<group>"; };
		598446612B7FB57400613DA8 /* Assets.xcassets */ = {isa = PBXFileReference; lastKnownFileType = folder.assetcatalog; path = Assets.xcassets; sourceTree = "<group>"; };
		598446642B7FB57400613DA8 /* Preview Assets.xcassets */ = {isa = PBXFileReference; lastKnownFileType = folder.assetcatalog; path = "Preview Assets.xcassets"; sourceTree = "<group>"; };
		598446662B7FB57400613DA8 /* storyboard_editor_front.entitlements */ = {isa = PBXFileReference; lastKnownFileType = text.plist.entitlements; path = storyboard_editor_front.entitlements; sourceTree = "<group>"; };
		5984466C2B7FB5D300613DA8 /* GameScene.swift */ = {isa = PBXFileReference; lastKnownFileType = sourcecode.swift; path = GameScene.swift; sourceTree = "<group>"; };
		598446722B7FBB6E00613DA8 /* VisualEffectView.swift */ = {isa = PBXFileReference; lastKnownFileType = sourcecode.swift; path = VisualEffectView.swift; sourceTree = "<group>"; };
		5984467A2B7FD20B00613DA8 /* Sprite.swift */ = {isa = PBXFileReference; lastKnownFileType = sourcecode.swift; path = Sprite.swift; sourceTree = "<group>"; };
		5984467E2B7FD81400613DA8 /* Storyboard.swift */ = {isa = PBXFileReference; lastKnownFileType = sourcecode.swift; path = Storyboard.swift; sourceTree = "<group>"; };
		598446802B7FD84300613DA8 /* BaseAnimation.swift */ = {isa = PBXFileReference; lastKnownFileType = sourcecode.swift; path = BaseAnimation.swift; sourceTree = "<group>"; };
		598446832B80587100613DA8 /* Player.swift */ = {isa = PBXFileReference; lastKnownFileType = sourcecode.swift; path = Player.swift; sourceTree = "<group>"; };
		598446852B8060D500613DA8 /* ContentViewModel.swift */ = {isa = PBXFileReference; lastKnownFileType = sourcecode.swift; path = ContentViewModel.swift; sourceTree = "<group>"; };
		598446872B8061EE00613DA8 /* StoryboardScene.swift */ = {isa = PBXFileReference; lastKnownFileType = sourcecode.swift; path = StoryboardScene.swift; sourceTree = "<group>"; };
/* End PBXFileReference section */

/* Begin PBXFrameworksBuildPhase section */
		598446572B7FB57200613DA8 /* Frameworks */ = {
			isa = PBXFrameworksBuildPhase;
			buildActionMask = 2147483647;
			files = (
				598446762B7FC6BA00613DA8 /* SwiftImageReadWrite in Frameworks */,
			);
			runOnlyForDeploymentPostprocessing = 0;
		};
/* End PBXFrameworksBuildPhase section */

/* Begin PBXGroup section */
		598446512B7FB57200613DA8 = {
			isa = PBXGroup;
			children = (
				5984465C2B7FB57200613DA8 /* storyboard-editor-front */,
				5984465B2B7FB57200613DA8 /* Products */,
			);
			sourceTree = "<group>";
		};
		5984465B2B7FB57200613DA8 /* Products */ = {
			isa = PBXGroup;
			children = (
				5984465A2B7FB57200613DA8 /* storyboard-editor-front.app */,
			);
			name = Products;
			sourceTree = "<group>";
		};
		5984465C2B7FB57200613DA8 /* storyboard-editor-front */ = {
			isa = PBXGroup;
			children = (
				598446822B80586500613DA8 /* Music */,
				598446782B7FD1F600613DA8 /* Animation */,
				5984465D2B7FB57200613DA8 /* storyboard_editor_frontApp.swift */,
				5984465F2B7FB57200613DA8 /* ContentView.swift */,
				5984466C2B7FB5D300613DA8 /* GameScene.swift */,
				598446612B7FB57400613DA8 /* Assets.xcassets */,
				598446662B7FB57400613DA8 /* storyboard_editor_front.entitlements */,
				598446632B7FB57400613DA8 /* Preview Content */,
				598446722B7FBB6E00613DA8 /* VisualEffectView.swift */,
				598446852B8060D500613DA8 /* ContentViewModel.swift */,
				598446872B8061EE00613DA8 /* StoryboardScene.swift */,
			);
			path = "storyboard-editor-front";
			sourceTree = "<group>";
		};
		598446632B7FB57400613DA8 /* Preview Content */ = {
			isa = PBXGroup;
			children = (
				598446642B7FB57400613DA8 /* Preview Assets.xcassets */,
			);
			path = "Preview Content";
			sourceTree = "<group>";
		};
		598446782B7FD1F600613DA8 /* Animation */ = {
			isa = PBXGroup;
			children = (
				598446792B7FD1FD00613DA8 /* Commands */,
				5984467A2B7FD20B00613DA8 /* Sprite.swift */,
				5984467E2B7FD81400613DA8 /* Storyboard.swift */,
				598446802B7FD84300613DA8 /* BaseAnimation.swift */,
			);
			path = Animation;
			sourceTree = "<group>";
		};
		598446792B7FD1FD00613DA8 /* Commands */ = {
			isa = PBXGroup;
			children = (
			);
			path = Commands;
			sourceTree = "<group>";
		};
		598446822B80586500613DA8 /* Music */ = {
			isa = PBXGroup;
			children = (
				598446832B80587100613DA8 /* Player.swift */,
			);
			path = Music;
			sourceTree = "<group>";
		};
/* End PBXGroup section */

/* Begin PBXNativeTarget section */
		598446592B7FB57200613DA8 /* storyboard-editor-front */ = {
			isa = PBXNativeTarget;
			buildConfigurationList = 598446692B7FB57400613DA8 /* Build configuration list for PBXNativeTarget "storyboard-editor-front" */;
			buildPhases = (
				598446562B7FB57200613DA8 /* Sources */,
				598446572B7FB57200613DA8 /* Frameworks */,
				598446582B7FB57200613DA8 /* Resources */,
			);
			buildRules = (
			);
			dependencies = (
			);
			name = "storyboard-editor-front";
			packageProductDependencies = (
				598446752B7FC6BA00613DA8 /* SwiftImageReadWrite */,
			);
			productName = "storyboard-editor-front";
			productReference = 5984465A2B7FB57200613DA8 /* storyboard-editor-front.app */;
			productType = "com.apple.product-type.application";
		};
/* End PBXNativeTarget section */

/* Begin PBXProject section */
		598446522B7FB57200613DA8 /* Project object */ = {
			isa = PBXProject;
			attributes = {
				BuildIndependentTargetsInParallel = 1;
				LastSwiftUpdateCheck = 1520;
				LastUpgradeCheck = 1520;
				TargetAttributes = {
					598446592B7FB57200613DA8 = {
						CreatedOnToolsVersion = 15.2;
					};
				};
			};
			buildConfigurationList = 598446552B7FB57200613DA8 /* Build configuration list for PBXProject "storyboard-editor-front" */;
			compatibilityVersion = "Xcode 14.0";
			developmentRegion = en;
			hasScannedForEncodings = 0;
			knownRegions = (
				en,
				Base,
			);
			mainGroup = 598446512B7FB57200613DA8;
			packageReferences = (
				598446742B7FC6B900613DA8 /* XCRemoteSwiftPackageReference "SwiftImageReadWrite" */,
			);
			productRefGroup = 5984465B2B7FB57200613DA8 /* Products */;
			projectDirPath = "";
			projectRoot = "";
			targets = (
				598446592B7FB57200613DA8 /* storyboard-editor-front */,
			);
		};
/* End PBXProject section */

/* Begin PBXResourcesBuildPhase section */
		598446582B7FB57200613DA8 /* Resources */ = {
			isa = PBXResourcesBuildPhase;
			buildActionMask = 2147483647;
			files = (
				598446652B7FB57400613DA8 /* Preview Assets.xcassets in Resources */,
				598446622B7FB57400613DA8 /* Assets.xcassets in Resources */,
			);
			runOnlyForDeploymentPostprocessing = 0;
		};
/* End PBXResourcesBuildPhase section */

/* Begin PBXSourcesBuildPhase section */
		598446562B7FB57200613DA8 /* Sources */ = {
			isa = PBXSourcesBuildPhase;
			buildActionMask = 2147483647;
			files = (
				598446812B7FD84300613DA8 /* BaseAnimation.swift in Sources */,
				5984467B2B7FD20B00613DA8 /* Sprite.swift in Sources */,
				5984466D2B7FB5D300613DA8 /* GameScene.swift in Sources */,
				598446732B7FBB6E00613DA8 /* VisualEffectView.swift in Sources */,
				598446842B80587100613DA8 /* Player.swift in Sources */,
				598446862B8060D600613DA8 /* ContentViewModel.swift in Sources */,
				598446602B7FB57200613DA8 /* ContentView.swift in Sources */,
				598446882B8061EE00613DA8 /* StoryboardScene.swift in Sources */,
				5984467F2B7FD81400613DA8 /* Storyboard.swift in Sources */,
				5984465E2B7FB57200613DA8 /* storyboard_editor_frontApp.swift in Sources */,
			);
			runOnlyForDeploymentPostprocessing = 0;
		};
/* End PBXSourcesBuildPhase section */

/* Begin XCBuildConfiguration section */
		598446672B7FB57400613DA8 /* Debug */ = {
			isa = XCBuildConfiguration;
			buildSettings = {
				ALWAYS_SEARCH_USER_PATHS = NO;
				ASSETCATALOG_COMPILER_GENERATE_SWIFT_ASSET_SYMBOL_EXTENSIONS = YES;
				CLANG_ANALYZER_NONNULL = YES;
				CLANG_ANALYZER_NUMBER_OBJECT_CONVERSION = YES_AGGRESSIVE;
				CLANG_CXX_LANGUAGE_STANDARD = "gnu++20";
				CLANG_ENABLE_MODULES = YES;
				CLANG_ENABLE_OBJC_ARC = YES;
				CLANG_ENABLE_OBJC_WEAK = YES;
				CLANG_WARN_BLOCK_CAPTURE_AUTORELEASING = YES;
				CLANG_WARN_BOOL_CONVERSION = YES;
				CLANG_WARN_COMMA = YES;
				CLANG_WARN_CONSTANT_CONVERSION = YES;
				CLANG_WARN_DEPRECATED_OBJC_IMPLEMENTATIONS = YES;
				CLANG_WARN_DIRECT_OBJC_ISA_USAGE = YES_ERROR;
				CLANG_WARN_DOCUMENTATION_COMMENTS = YES;
				CLANG_WARN_EMPTY_BODY = YES;
				CLANG_WARN_ENUM_CONVERSION = YES;
				CLANG_WARN_INFINITE_RECURSION = YES;
				CLANG_WARN_INT_CONVERSION = YES;
				CLANG_WARN_NON_LITERAL_NULL_CONVERSION = YES;
				CLANG_WARN_OBJC_IMPLICIT_RETAIN_SELF = YES;
				CLANG_WARN_OBJC_LITERAL_CONVERSION = YES;
				CLANG_WARN_OBJC_ROOT_CLASS = YES_ERROR;
				CLANG_WARN_QUOTED_INCLUDE_IN_FRAMEWORK_HEADER = YES;
				CLANG_WARN_RANGE_LOOP_ANALYSIS = YES;
				CLANG_WARN_STRICT_PROTOTYPES = YES;
				CLANG_WARN_SUSPICIOUS_MOVE = YES;
				CLANG_WARN_UNGUARDED_AVAILABILITY = YES_AGGRESSIVE;
				CLANG_WARN_UNREACHABLE_CODE = YES;
				CLANG_WARN__DUPLICATE_METHOD_MATCH = YES;
				COPY_PHASE_STRIP = NO;
				DEBUG_INFORMATION_FORMAT = dwarf;
				ENABLE_STRICT_OBJC_MSGSEND = YES;
				ENABLE_TESTABILITY = YES;
				ENABLE_USER_SCRIPT_SANDBOXING = YES;
				GCC_C_LANGUAGE_STANDARD = gnu17;
				GCC_DYNAMIC_NO_PIC = NO;
				GCC_NO_COMMON_BLOCKS = YES;
				GCC_OPTIMIZATION_LEVEL = 0;
				GCC_PREPROCESSOR_DEFINITIONS = (
					"DEBUG=1",
					"$(inherited)",
				);
				GCC_WARN_64_TO_32_BIT_CONVERSION = YES;
				GCC_WARN_ABOUT_RETURN_TYPE = YES_ERROR;
				GCC_WARN_UNDECLARED_SELECTOR = YES;
				GCC_WARN_UNINITIALIZED_AUTOS = YES_AGGRESSIVE;
				GCC_WARN_UNUSED_FUNCTION = YES;
				GCC_WARN_UNUSED_VARIABLE = YES;
				LOCALIZATION_PREFERS_STRING_CATALOGS = YES;
				MACOSX_DEPLOYMENT_TARGET = 14.2;
				MTL_ENABLE_DEBUG_INFO = INCLUDE_SOURCE;
				MTL_FAST_MATH = YES;
				ONLY_ACTIVE_ARCH = YES;
				SDKROOT = macosx;
				SWIFT_ACTIVE_COMPILATION_CONDITIONS = "DEBUG $(inherited)";
				SWIFT_OPTIMIZATION_LEVEL = "-Onone";
			};
			name = Debug;
		};
		598446682B7FB57400613DA8 /* Release */ = {
			isa = XCBuildConfiguration;
			buildSettings = {
				ALWAYS_SEARCH_USER_PATHS = NO;
				ASSETCATALOG_COMPILER_GENERATE_SWIFT_ASSET_SYMBOL_EXTENSIONS = YES;
				CLANG_ANALYZER_NONNULL = YES;
				CLANG_ANALYZER_NUMBER_OBJECT_CONVERSION = YES_AGGRESSIVE;
				CLANG_CXX_LANGUAGE_STANDARD = "gnu++20";
				CLANG_ENABLE_MODULES = YES;
				CLANG_ENABLE_OBJC_ARC = YES;
				CLANG_ENABLE_OBJC_WEAK = YES;
				CLANG_WARN_BLOCK_CAPTURE_AUTORELEASING = YES;
				CLANG_WARN_BOOL_CONVERSION = YES;
				CLANG_WARN_COMMA = YES;
				CLANG_WARN_CONSTANT_CONVERSION = YES;
				CLANG_WARN_DEPRECATED_OBJC_IMPLEMENTATIONS = YES;
				CLANG_WARN_DIRECT_OBJC_ISA_USAGE = YES_ERROR;
				CLANG_WARN_DOCUMENTATION_COMMENTS = YES;
				CLANG_WARN_EMPTY_BODY = YES;
				CLANG_WARN_ENUM_CONVERSION = YES;
				CLANG_WARN_INFINITE_RECURSION = YES;
				CLANG_WARN_INT_CONVERSION = YES;
				CLANG_WARN_NON_LITERAL_NULL_CONVERSION = YES;
				CLANG_WARN_OBJC_IMPLICIT_RETAIN_SELF = YES;
				CLANG_WARN_OBJC_LITERAL_CONVERSION = YES;
				CLANG_WARN_OBJC_ROOT_CLASS = YES_ERROR;
				CLANG_WARN_QUOTED_INCLUDE_IN_FRAMEWORK_HEADER = YES;
				CLANG_WARN_RANGE_LOOP_ANALYSIS = YES;
				CLANG_WARN_STRICT_PROTOTYPES = YES;
				CLANG_WARN_SUSPICIOUS_MOVE = YES;
				CLANG_WARN_UNGUARDED_AVAILABILITY = YES_AGGRESSIVE;
				CLANG_WARN_UNREACHABLE_CODE = YES;
				CLANG_WARN__DUPLICATE_METHOD_MATCH = YES;
				COPY_PHASE_STRIP = NO;
				DEBUG_INFORMATION_FORMAT = "dwarf-with-dsym";
				ENABLE_NS_ASSERTIONS = NO;
				ENABLE_STRICT_OBJC_MSGSEND = YES;
				ENABLE_USER_SCRIPT_SANDBOXING = YES;
				GCC_C_LANGUAGE_STANDARD = gnu17;
				GCC_NO_COMMON_BLOCKS = YES;
				GCC_WARN_64_TO_32_BIT_CONVERSION = YES;
				GCC_WARN_ABOUT_RETURN_TYPE = YES_ERROR;
				GCC_WARN_UNDECLARED_SELECTOR = YES;
				GCC_WARN_UNINITIALIZED_AUTOS = YES_AGGRESSIVE;
				GCC_WARN_UNUSED_FUNCTION = YES;
				GCC_WARN_UNUSED_VARIABLE = YES;
				LOCALIZATION_PREFERS_STRING_CATALOGS = YES;
				MACOSX_DEPLOYMENT_TARGET = 14.2;
				MTL_ENABLE_DEBUG_INFO = NO;
				MTL_FAST_MATH = YES;
				SDKROOT = macosx;
				SWIFT_COMPILATION_MODE = wholemodule;
			};
			name = Release;
		};
		5984466A2B7FB57400613DA8 /* Debug */ = {
			isa = XCBuildConfiguration;
			buildSettings = {
				ASSETCATALOG_COMPILER_APPICON_NAME = AppIcon;
				ASSETCATALOG_COMPILER_GLOBAL_ACCENT_COLOR_NAME = AccentColor;
				CODE_SIGN_ENTITLEMENTS = "storyboard-editor-front/storyboard_editor_front.entitlements";
				CODE_SIGN_STYLE = Automatic;
				COMBINE_HIDPI_IMAGES = YES;
				CURRENT_PROJECT_VERSION = 1;
				DEVELOPMENT_ASSET_PATHS = "\"storyboard-editor-front/Preview Content\"";
				DEVELOPMENT_TEAM = QKH3GHQ7MS;
				ENABLE_HARDENED_RUNTIME = YES;
				ENABLE_PREVIEWS = YES;
				GENERATE_INFOPLIST_FILE = YES;
				INFOPLIST_KEY_NSHumanReadableCopyright = "";
				LD_RUNPATH_SEARCH_PATHS = (
					"$(inherited)",
					"@executable_path/../Frameworks",
				);
				MARKETING_VERSION = 1.0;
				PRODUCT_BUNDLE_IDENTIFIER = "sayrin.storyboard-editor-front";
				PRODUCT_NAME = "$(TARGET_NAME)";
				SWIFT_EMIT_LOC_STRINGS = YES;
				SWIFT_VERSION = 5.0;
			};
			name = Debug;
		};
		5984466B2B7FB57400613DA8 /* Release */ = {
			isa = XCBuildConfiguration;
			buildSettings = {
				ASSETCATALOG_COMPILER_APPICON_NAME = AppIcon;
				ASSETCATALOG_COMPILER_GLOBAL_ACCENT_COLOR_NAME = AccentColor;
				CODE_SIGN_ENTITLEMENTS = "storyboard-editor-front/storyboard_editor_front.entitlements";
				CODE_SIGN_STYLE = Automatic;
				COMBINE_HIDPI_IMAGES = YES;
				CURRENT_PROJECT_VERSION = 1;
				DEVELOPMENT_ASSET_PATHS = "\"storyboard-editor-front/Preview Content\"";
				DEVELOPMENT_TEAM = QKH3GHQ7MS;
				ENABLE_HARDENED_RUNTIME = YES;
				ENABLE_PREVIEWS = YES;
				GENERATE_INFOPLIST_FILE = YES;
				INFOPLIST_KEY_NSHumanReadableCopyright = "";
				LD_RUNPATH_SEARCH_PATHS = (
					"$(inherited)",
					"@executable_path/../Frameworks",
				);
				MARKETING_VERSION = 1.0;
				PRODUCT_BUNDLE_IDENTIFIER = "sayrin.storyboard-editor-front";
				PRODUCT_NAME = "$(TARGET_NAME)";
				SWIFT_EMIT_LOC_STRINGS = YES;
				SWIFT_VERSION = 5.0;
			};
			name = Release;
		};
/* End XCBuildConfiguration section */

/* Begin XCConfigurationList section */
		598446552B7FB57200613DA8 /* Build configuration list for PBXProject "storyboard-editor-front" */ = {
			isa = XCConfigurationList;
			buildConfigurations = (
				598446672B7FB57400613DA8 /* Debug */,
				598446682B7FB57400613DA8 /* Release */,
			);
			defaultConfigurationIsVisible = 0;
			defaultConfigurationName = Release;
		};
		598446692B7FB57400613DA8 /* Build configuration list for PBXNativeTarget "storyboard-editor-front" */ = {
			isa = XCConfigurationList;
			buildConfigurations = (
				5984466A2B7FB57400613DA8 /* Debug */,
				5984466B2B7FB57400613DA8 /* Release */,
			);
			defaultConfigurationIsVisible = 0;
			defaultConfigurationName = Release;
		};
/* End XCConfigurationList section */

/* Begin XCRemoteSwiftPackageReference section */
		598446742B7FC6B900613DA8 /* XCRemoteSwiftPackageReference "SwiftImageReadWrite" */ = {
			isa = XCRemoteSwiftPackageReference;
			repositoryURL = "https://github.com/dagronf/SwiftImageReadWrite.git";
			requirement = {
				kind = upToNextMajorVersion;
				minimumVersion = 1.6.1;
			};
		};
/* End XCRemoteSwiftPackageReference section */

/* Begin XCSwiftPackageProductDependency section */
		598446752B7FC6BA00613DA8 /* SwiftImageReadWrite */ = {
			isa = XCSwiftPackageProductDependency;
			package = 598446742B7FC6B900613DA8 /* XCRemoteSwiftPackageReference "SwiftImageReadWrite" */;
			productName = SwiftImageReadWrite;
		};
/* End XCSwiftPackageProductDependency section */
	};
	rootObject = 598446522B7FB57200613DA8 /* Project object */;
}
